
Microsoft Visual Studio Solution File, Format Version 12.00
# Visual Studio Version 17
VisualStudioVersion = 17.14.36518.9 d17.14
MinimumVisualStudioVersion = 10.0.40219.1
Project("{FAE04EC0-301F-11D3-BF4B-00C04F79EFBC}") = "Shopping-Web", "Shopping-Web\Shopping-Web.csproj", "{70101661-4BB7-48C6-80E2-F671CDEB5A95}"
EndProject
Global
	GlobalSection(SolutionConfigurationPlatforms) = preSolution
		Debug|Any CPU = Debug|Any CPU
		Release|Any CPU = Release|Any CPU
	EndGlobalSection
	GlobalSection(ProjectConfigurationPlatforms) = postSolution
		{70101661-4BB7-48C6-80E2-F671CDEB5A95}.Debug|Any CPU.ActiveCfg = Debug|Any CPU
		{70101661-4BB7-48C6-80E2-F671CDEB5A95}.Debug|Any CPU.Build.0 = Debug|Any CPU
		{70101661-4BB7-48C6-80E2-F671CDEB5A95}.Release|Any CPU.ActiveCfg = Release|Any CPU
		{70101661-4BB7-48C6-80E2-F671CDEB5A95}.Release|Any CPU.Build.0 = Release|Any CPU
	EndGlobalSection
	GlobalSection(SolutionProperties) = preSolution
		HideSolutionNode = FALSE
	EndGlobalSection
	GlobalSection(ExtensibilityGlobals) = postSolution
		SolutionGuid = {143AFD72-1A26-4109-BF87-D2667529E788}
	EndGlobalSection
EndGlobal
